{
  "name": "ws-jeppe",
  "version": "1.0.0",
  "lockfileVersion": 1,
  "requires": true,
  "dependencies": {
    "ansi-regex": {
      "version": "2.1.1",
      "resolved": "https://registry.npmjs.org/ansi-regex/-/ansi-regex-2.1.1.tgz",
      "integrity": "sha1-w7M6te42DYbg5ijwRorn7yfWVN8="
    },
    "aproba": {
      "version": "1.2.0",
      "resolved": "https://registry.npmjs.org/aproba/-/aproba-1.2.0.tgz",
      "integrity": "sha512-Y9J6ZjXtoYh8RnXVCMOU/ttDmk1aBjunq9vO0ta5x85WDQiQfUF9sIPBITdbiiIVcBo03Hi3jMxigBtsddlXRw=="
    },
    "are-we-there-yet": {
      "version": "1.1.5",
      "resolved": "https://registry.npmjs.org/are-we-there-yet/-/are-we-there-yet-1.1.5.tgz",
      "integrity": "sha512-5hYdAkZlcG8tOLujVDTgCT+uPX0VnpAH28gWsLfzpXYm7wP6mp5Q/gYyR7YQ0cKVJcXJnl3j2kpBan13PtQf6w==",
      "requires": {
        "delegates": "^1.0.0",
        "readable-stream": "^2.0.6"
      }
    },
    "code-point-at": {
      "version": "1.1.0",
      "resolved": "https://registry.npmjs.org/code-point-at/-/code-point-at-1.1.0.tgz",
      "integrity": "sha1-DQcLTQQ6W+ozovGkDi7bPZpMz3c="
    },
    "console-control-strings": {
      "version": "1.1.0",
      "resolved": "https://registry.npmjs.org/console-control-strings/-/console-control-strings-1.1.0.tgz",
      "integrity": "sha1-PXz0Rk22RG6mRL9LOVB/mFEAjo4="
    },
    "core-util-is": {
      "version": "1.0.2",
      "resolved": "https://registry.npmjs.org/core-util-is/-/core-util-is-1.0.2.tgz",
      "integrity": "sha1-tf1UIgqivFq1eqtxQMlAdUUDwac="
    },
    "delegates": {
      "version": "1.0.0",
      "resolved": "https://registry.npmjs.org/delegates/-/delegates-1.0.0.tgz",
      "integrity": "sha1-hMbhWbgZBP3KWaDvRM2HDTElD5o="
    },
    "gauge": {
      "version": "2.7.4",
      "resolved": "https://registry.npmjs.org/gauge/-/gauge-2.7.4.tgz",
      "integrity": "sha1-LANAXHU4w51+s3sxcCLjJfsBi/c=",
      "requires": {
        "aproba": "^1.0.3",
        "console-control-strings": "^1.0.0",
        "has-unicode": "^2.0.0",
        "object-assign": "^4.1.0",
        "signal-exit": "^3.0.0",
        "string-width": "^1.0.1",
        "strip-ansi": "^3.0.1",
        "wide-align": "^1.1.0"
      }
    },
    "has-unicode": {
      "version": "2.0.1",
      "resolved": "https://registry.npmjs.org/has-unicode/-/has-unicode-2.0.1.tgz",
      "integrity": "sha1-4Ob+aijPUROIVeCG0Wkedx3iqLk="
    },
    "hosted-git-info": {
      "version": "2.8.8",
      "resolved": "https://registry.npmjs.org/hosted-git-info/-/hosted-git-info-2.8.8.tgz",
      "integrity": "sha512-f/wzC2QaWBs7t9IYqB4T3sR1xviIViXJRJTWBlx2Gf3g0Xi5vI7Yy4koXQ1c9OYDGHN9sBy1DQ2AB8fqZBWhUg=="
    },
    "inherits": {
      "version": "2.0.4",
      "resolved": "https://registry.npmjs.org/inherits/-/inherits-2.0.4.tgz",
      "integrity": "sha512-k/vGaX4/Yla3WzyMCvTQOXYeIHvqOKtnqBduzTHpzpQZzAskKMhZ2K+EnBiSM9zGSoIFeMpXKxa4dYeZIQqewQ=="
    },
    "is-fullwidth-code-point": {
      "version": "1.0.0",
      "resolved": "https://registry.npmjs.org/is-fullwidth-code-point/-/is-fullwidth-code-point-1.0.0.tgz",
      "integrity": "sha1-754xOG8DGn8NZDr4L95QxFfvAMs=",
      "requires": {
        "number-is-nan": "^1.0.0"
      }
    },
    "isarray": {
      "version": "1.0.0",
      "resolved": "https://registry.npmjs.org/isarray/-/isarray-1.0.0.tgz",
      "integrity": "sha1-u5NdSFgsuhaMBoNJV6VKPgcSTxE="
    },
    "latest": {
      "version": "0.1.2",
      "resolved": "https://registry.npmjs.org/latest/-/latest-0.1.2.tgz",
      "integrity": "sha1-7heiZqo89u93XAnNLYJQTjiy5OM=",
      "requires": {
        "npm": "~1.3.4"
      }
    },
    "normalize-package-data": {
      "version": "2.5.0",
      "resolved": "https://registry.npmjs.org/normalize-package-data/-/normalize-package-data-2.5.0.tgz",
      "integrity": "sha512-/5CMN3T0R4XTj4DcGaexo+roZSdSFW/0AOOTROrjxzCG1wrWXEsGbRKevjlIL+ZDE4sZlJr5ED4YW0yqmkK+eA==",
      "requires": {
        "hosted-git-info": "^2.1.4",
        "resolve": "^1.10.0",
        "semver": "2 || 3 || 4 || 5",
        "validate-npm-package-license": "^3.0.1"
      }
    },
    "npm": {
      "version": "1.3.26",
      "resolved": "https://registry.npmjs.org/npm/-/npm-1.3.26.tgz",
      "integrity": "sha1-vAe/fLWHEAeBQciFwtSS/VcPYG0=",
      "requires": {
        "abbrev": "~1.0.4",
        "ansi": "~0.2.1",
        "ansicolors": "~0.3.2",
        "ansistyles": "~0.1.3",
        "archy": "0",
        "block-stream": "0.0.7",
        "child-process-close": "~0.1.1",
        "chmodr": "~0.1.0",
        "chownr": "0",
        "cmd-shim": "~1.1.1",
        "columnify": "0.1.2",
        "editor": "0.0.5",
        "fstream": "~0.1.25",
        "fstream-npm": "~0.1.6",
        "github-url-from-git": "1.1.1",
        "github-url-from-username-repo": "0.0.2",
        "glob": "~3.2.6",
        "graceful-fs": "~2.0.0",
        "inherits": "*",
        "ini": "~1.1.0",
        "init-package-json": "0.0.14",
        "lockfile": "~0.4.0",
        "lru-cache": "~2.5.0",
        "minimatch": "~0.2.14",
        "mkdirp": "~0.3.5",
        "node-gyp": "~0.12.2",
        "nopt": "~2.1.2",
        "normalize-package-data": "*",
        "npm-registry-client": "~0.3.5",
        "npm-user-validate": "0.0.3",
        "npmconf": "~0.1.12",
        "npmlog": "0.0.6",
        "once": "~1.3.0",
        "opener": "~1.3.0",
        "osenv": "0",
        "path-is-inside": "~1.0.0",
        "read": "~1.0.4",
        "read-installed": "~0.2.2",
        "read-package-json": "~1.1.6",
        "request": "~2.30.0",
        "retry": "~0.6.0",
        "rimraf": "~2.2.5",
        "semver": "~2.2.1",
        "sha": "~1.2.1",
        "slide": "~1.1.5",
        "tar": "~0.1.19",
        "text-table": "~0.2.0",
        "uid-number": "0",
        "which": "1"
      },
      "dependencies": {
        "abbrev": {
          "version": "1.0.4",
          "bundled": true
        },
        "ansi": {
          "version": "0.2.1",
          "bundled": true
        },
        "ansicolors": {
          "version": "0.3.2",
          "bundled": true
        },
        "ansistyles": {
          "version": "0.1.3",
          "bundled": true
        },
        "archy": {
          "version": "0.0.2",
          "bundled": true
        },
        "block-stream": {
          "version": "0.0.7",
          "bundled": true,
          "requires": {
            "inherits": "~2.0.0"
          }
        },
        "child-process-close": {
          "version": "0.1.1",
          "bundled": true
        },
        "chmodr": {
          "version": "0.1.0",
          "bundled": true
        },
        "chownr": {
          "version": "0.0.1",
          "bundled": true
        },
        "cmd-shim": {
          "version": "1.1.1",
          "bundled": true,
          "requires": {
            "graceful-fs": "2",
            "mkdirp": "~0.3.3"
          }
        },
        "columnify": {
          "version": "0.1.2",
          "bundled": true
        },
        "editor": {
          "version": "0.0.5",
          "bundled": true
        },
        "fstream": {
          "version": "0.1.25",
          "bundled": true,
          "requires": {
            "graceful-fs": "~2.0.0",
            "inherits": "~2.0.0",
            "mkdirp": "0.3",
            "rimraf": "2"
          }
        },
        "fstream-npm": {
          "version": "0.1.6",
          "bundled": true,
          "requires": {
            "fstream-ignore": "~0.0.5",
            "inherits": "2"
          },
          "dependencies": {
            "fstream-ignore": {
              "version": "0.0.7",
              "bundled": true,
              "requires": {
                "fstream": "~0.1.17",
                "inherits": "2",
                "minimatch": "~0.2.0"
              }
            }
          }
        },
        "github-url-from-git": {
          "version": "1.1.1",
          "bundled": true
        },
        "github-url-from-username-repo": {
          "version": "0.0.2",
          "bundled": true
        },
        "glob": {
          "version": "3.2.7",
          "bundled": true,
          "requires": {
            "inherits": "2",
            "minimatch": "~0.2.11"
          }
        },
        "graceful-fs": {
          "version": "2.0.1",
          "bundled": true
        },
        "inherits": {
          "version": "2.0.1",
          "bundled": true
        },
        "ini": {
          "version": "1.1.0",
          "bundled": true
        },
        "init-package-json": {
          "version": "0.0.14",
          "bundled": true,
          "requires": {
            "glob": "~3.2.7",
            "promzard": "~0.2.0",
            "read": "~1.0.1",
            "read-package-json": "1",
            "semver": "2.x"
          },
          "dependencies": {
            "promzard": {
              "version": "0.2.1",
              "bundled": true,
              "requires": {
                "read": "1"
              }
            }
          }
        },
        "lockfile": {
          "version": "0.4.2",
          "bundled": true
        },
        "lru-cache": {
          "version": "2.5.0",
          "bundled": true
        },
        "minimatch": {
          "version": "0.2.14",
          "bundled": true,
          "requires": {
            "lru-cache": "2",
            "sigmund": "~1.0.0"
          },
          "dependencies": {
            "sigmund": {
              "version": "1.0.0",
              "bundled": true
            }
          }
        },
        "mkdirp": {
          "version": "0.3.5",
          "bundled": true
        },
        "node-gyp": {
          "version": "0.12.2",
          "bundled": true,
          "requires": {
            "fstream": "0",
            "glob": "3",
            "graceful-fs": "2",
            "minimatch": "0",
            "mkdirp": "0",
            "nopt": "2",
            "npmlog": "0",
            "osenv": "0",
            "request": "2",
            "rimraf": "2",
            "semver": "~2.2.1",
            "tar": "0",
            "which": "1"
          }
        },
        "nopt": {
          "version": "2.1.2",
          "bundled": true,
          "requires": {
            "abbrev": "1"
          }
        },
        "npm-registry-client": {
          "version": "0.3.5",
          "bundled": true,
          "requires": {
            "chownr": "0",
            "couch-login": "~0.1.18",
            "graceful-fs": "~2.0.0",
            "mkdirp": "~0.3.3",
            "npmlog": "^4.1.2",
            "request": "2 >=2.25.0",
            "retry": "0.6.0",
            "rimraf": "~2",
            "semver": "^2.2.1",
            "slide": "~1.1.3"
          },
          "dependencies": {
            "couch-login": {
              "version": "0.1.20",
              "bundled": true,
              "requires": {
                "request": "2 >=2.25.0"
              }
            },
            "npmlog": {
              "version": "4.1.2",
              "resolved": "https://registry.npmjs.org/npmlog/-/npmlog-4.1.2.tgz",
              "integrity": "sha512-2uUqazuKlTaSI/dC8AzicUck7+IrEaOnN/e0jd3Xtt1KcGpwx30v50mL7oPyr/h9bL3E4aZccVwpwP+5W9Vjkg==",
              "requires": {
                "are-we-there-yet": "~1.1.2",
                "console-control-strings": "~1.1.0",
                "gauge": "~2.7.3",
                "set-blocking": "~2.0.0"
              }
            }
          }
        },
        "npm-user-validate": {
          "version": "0.0.3",
          "bundled": true
        },
        "npmconf": {
          "version": "0.1.12",
          "bundled": true,
          "requires": {
            "config-chain": "~1.1.8",
            "inherits": "~2.0.0",
            "ini": "~1.1.0",
            "mkdirp": "~0.3.3",
            "nopt": "2",
            "once": "~1.3.0",
            "osenv": "0.0.3",
            "semver": "2"
          },
          "dependencies": {
            "config-chain": {
              "version": "1.1.8",
              "bundled": true,
              "requires": {
                "ini": "1",
                "proto-list": "~1.2.1"
              },
              "dependencies": {
                "proto-list": {
                  "version": "1.2.2",
                  "bundled": true
                }
              }
            }
          }
        },
        "npmlog": {
          "version": "0.0.6",
          "bundled": true,
          "requires": {
            "ansi": "~0.2.1"
          }
        },
        "once": {
          "version": "1.3.0",
          "bundled": true
        },
        "opener": {
          "version": "1.3.0",
          "bundled": true
        },
        "osenv": {
          "version": "0.0.3",
          "bundled": true
        },
        "path-is-inside": {
          "version": "1.0.0",
          "bundled": true
        },
        "read": {
          "version": "1.0.5",
          "bundled": true,
          "requires": {
            "mute-stream": "~0.0.4"
          },
          "dependencies": {
            "mute-stream": {
              "version": "0.0.4",
              "bundled": true
            }
          }
        },
        "read-installed": {
          "version": "0.2.5",
          "bundled": true,
          "requires": {
            "graceful-fs": "~2",
            "read-package-json": "1",
            "semver": "2",
            "slide": "~1.1.3"
          }
        },
        "read-package-json": {
          "version": "1.1.6",
          "bundled": true,
          "requires": {
            "glob": "~3.2.1",
            "graceful-fs": "2",
            "lru-cache": "2",
            "normalize-package-data": "~0.2.7"
          },
          "dependencies": {
            "normalize-package-data": {
              "version": "0.2.8",
              "bundled": true,
              "requires": {
                "github-url-from-git": "~1.1.1",
                "github-url-from-username-repo": "0.0.2",
                "semver": "2"
              }
            }
          }
        },
        "request": {
          "version": "2.30.0",
          "bundled": true,
          "requires": {
            "aws-sign2": "~0.5.0",
            "forever-agent": "~0.5.0",
            "form-data": "~0.1.0",
            "hawk": "~1.0.0",
            "http-signature": "~0.10.0",
            "json-stringify-safe": "~5.0.0",
            "mime": "~1.2.9",
            "node-uuid": "~1.4.0",
            "oauth-sign": "~0.3.0",
            "qs": "~0.6.0",
            "tough-cookie": "~0.9.15",
            "tunnel-agent": "~0.3.0"
          },
          "dependencies": {
            "aws-sign2": {
              "version": "0.5.0",
              "bundled": true,
              "optional": true
            },
            "forever-agent": {
              "version": "0.5.0",
              "bundled": true
            },
            "form-data": {
              "version": "0.1.2",
              "bundled": true,
              "optional": true,
              "requires": {
                "async": "~0.2.9",
                "combined-stream": "~0.0.4",
                "mime": "~1.2.11"
              },
              "dependencies": {
                "async": {
                  "version": "0.2.9",
                  "bundled": true,
                  "optional": true
                },
                "combined-stream": {
                  "version": "0.0.4",
                  "bundled": true,
                  "optional": true,
                  "requires": {
                    "delayed-stream": "0.0.5"
                  },
                  "dependencies": {
                    "delayed-stream": {
                      "version": "0.0.5",
                      "bundled": true,
                      "optional": true
                    }
                  }
                }
              }
            },
            "hawk": {
              "version": "1.0.0",
              "bundled": true,
              "optional": true,
              "requires": {
                "boom": "0.4.x",
                "cryptiles": "0.2.x",
                "hoek": "0.9.x",
                "sntp": "0.2.x"
              },
              "dependencies": {
                "boom": {
                  "version": "0.4.2",
                  "bundled": true,
                  "optional": true,
                  "requires": {
                    "hoek": "0.9.x"
                  }
                },
                "cryptiles": {
                  "version": "0.2.2",
                  "bundled": true,
                  "optional": true,
                  "requires": {
                    "boom": "0.4.x"
                  }
                },
                "hoek": {
                  "version": "0.9.1",
                  "bundled": true,
                  "optional": true
                },
                "sntp": {
                  "version": "0.2.4",
                  "bundled": true,
                  "optional": true,
                  "requires": {
                    "hoek": "0.9.x"
                  }
                }
              }
            },
            "http-signature": {
              "version": "0.10.0",
              "bundled": true,
              "optional": true,
              "requires": {
                "asn1": "0.1.11",
                "assert-plus": "0.1.2",
                "ctype": "0.5.2"
              },
              "dependencies": {
                "asn1": {
                  "version": "0.1.11",
                  "bundled": true,
                  "optional": true
                },
                "assert-plus": {
                  "version": "0.1.2",
                  "bundled": true,
                  "optional": true
                },
                "ctype": {
                  "version": "0.5.2",
                  "bundled": true,
                  "optional": true
                }
              }
            },
            "json-stringify-safe": {
              "version": "5.0.0",
              "bundled": true
            },
            "mime": {
              "version": "1.2.11",
              "bundled": true
            },
            "node-uuid": {
              "version": "1.4.1",
              "bundled": true
            },
            "oauth-sign": {
              "version": "0.3.0",
              "bundled": true,
              "optional": true
            },
            "qs": {
              "version": "0.6.6",
              "bundled": true
            },
            "tough-cookie": {
              "version": "0.9.15",
              "bundled": true,
              "optional": true,
              "requires": {
                "punycode": ">=0.2.0"
              },
              "dependencies": {
                "punycode": {
                  "version": "1.2.3",
                  "bundled": true,
                  "optional": true
                }
              }
            },
            "tunnel-agent": {
              "version": "0.3.0",
              "bundled": true,
              "optional": true
            }
          }
        },
        "retry": {
          "version": "0.6.0",
          "bundled": true
        },
        "rimraf": {
          "version": "2.2.6",
          "bundled": true
        },
        "semver": {
          "version": "2.2.1",
          "bundled": true
        },
        "sha": {
          "version": "1.2.3",
          "bundled": true,
          "requires": {
            "graceful-fs": "2",
            "readable-stream": "1.0"
          },
          "dependencies": {
            "readable-stream": {
              "version": "1.0.24",
              "bundled": true,
              "optional": true
            }
          }
        },
        "slide": {
          "version": "1.1.5",
          "bundled": true
        },
        "tar": {
          "version": "0.1.19",
          "bundled": true,
          "requires": {
            "block-stream": "*",
            "fstream": "~0.1.8",
            "inherits": "2"
          }
        },
        "text-table": {
          "version": "0.2.0",
          "bundled": true
        },
        "uid-number": {
          "version": "0.0.3",
          "bundled": true
        },
        "which": {
          "version": "1.0.5",
          "bundled": true
        }
      }
    },
    "number-is-nan": {
      "version": "1.0.1",
      "resolved": "https://registry.npmjs.org/number-is-nan/-/number-is-nan-1.0.1.tgz",
      "integrity": "sha1-CXtgK1NCKlIsGvuHkDGDNpQaAR0="
    },
    "object-assign": {
      "version": "4.1.1",
      "resolved": "https://registry.npmjs.org/object-assign/-/object-assign-4.1.1.tgz",
      "integrity": "sha1-IQmtx5ZYh8/AXLvUQsrIv7s2CGM="
    },
    "path-parse": {
      "version": "1.0.6",
      "resolved": "https://registry.npmjs.org/path-parse/-/path-parse-1.0.6.tgz",
      "integrity": "sha512-GSmOT2EbHrINBf9SR7CDELwlJ8AENk3Qn7OikK4nFYAu3Ote2+JYNVvkpAEQm3/TLNEJFD/xZJjzyxg3KBWOzw=="
    },
    "posix-getopt": {
      "version": "1.0.0",
      "resolved": "https://registry.npmjs.org/posix-getopt/-/posix-getopt-1.0.0.tgz",
      "integrity": "sha1-QqkOymEZAUx4vEubcEY9KU2xqoc="
    },
    "process-nextick-args": {
      "version": "2.0.1",
      "resolved": "https://registry.npmjs.org/process-nextick-args/-/process-nextick-args-2.0.1.tgz",
      "integrity": "sha512-3ouUOpQhtgrbOa17J7+uxOTpITYWaGP7/AhoR3+A+/1e9skrzelGi/dXzEYyvbxubEF6Wn2ypscTKiKJFFn1ag=="
    },
    "readable-stream": {
      "version": "2.3.7",
      "resolved": "https://registry.npmjs.org/readable-stream/-/readable-stream-2.3.7.tgz",
      "integrity": "sha512-Ebho8K4jIbHAxnuxi7o42OrZgF/ZTNcsZj6nRKyUmkhLFq8CHItp/fy6hQZuZmP/n3yZ9VBUbp4zz/mX8hmYPw==",
      "requires": {
        "core-util-is": "~1.0.0",
        "inherits": "~2.0.3",
        "isarray": "~1.0.0",
        "process-nextick-args": "~2.0.0",
        "safe-buffer": "~5.1.1",
        "string_decoder": "~1.1.1",
        "util-deprecate": "~1.0.1"
      }
    },
    "resolve": {
      "version": "1.17.0",
      "resolved": "https://registry.npmjs.org/resolve/-/resolve-1.17.0.tgz",
      "integrity": "sha512-ic+7JYiV8Vi2yzQGFWOkiZD5Z9z7O2Zhm9XMaTxdJExKasieFCr+yXZ/WmXsckHiKl12ar0y6XiXDx3m4RHn1w==",
      "requires": {
        "path-parse": "^1.0.6"
      }
    },
    "safe-buffer": {
      "version": "5.1.2",
      "resolved": "https://registry.npmjs.org/safe-buffer/-/safe-buffer-5.1.2.tgz",
      "integrity": "sha512-Gd2UZBJDkXlY7GbJxfsE8/nvKkUEU1G38c1siN6QP6a9PT9MmHB8GnpscSmMJSoF8LOIrt8ud/wPtojys4G6+g=="
    },
    "semver": {
      "version": "5.7.1",
      "resolved": "https://registry.npmjs.org/semver/-/semver-5.7.1.tgz",
      "integrity": "sha512-sauaDf/PZdVgrLTNYHRtpXa1iRiKcaebiKQ1BJdpQlWH2lCvexQdX55snPFyK7QzpudqbCI0qXFfOasHdyNDGQ=="
    },
    "set-blocking": {
      "version": "2.0.0",
      "resolved": "https://registry.npmjs.org/set-blocking/-/set-blocking-2.0.0.tgz",
      "integrity": "sha1-BF+XgtARrppoA93TgrJDkrPYkPc="
    },
    "signal-exit": {
      "version": "3.0.3",
      "resolved": "https://registry.npmjs.org/signal-exit/-/signal-exit-3.0.3.tgz",
      "integrity": "sha512-VUJ49FC8U1OxwZLxIbTTrDvLnf/6TDgxZcK8wxR8zs13xpx7xbG60ndBlhNrFi2EMuFRoeDoJO7wthSLq42EjA=="
    },
    "spdx-correct": {
      "version": "3.1.1",
      "resolved": "https://registry.npmjs.org/spdx-correct/-/spdx-correct-3.1.1.tgz",
      "integrity": "sha512-cOYcUWwhCuHCXi49RhFRCyJEK3iPj1Ziz9DpViV3tbZOwXD49QzIN3MpOLJNxh2qwq2lJJZaKMVw9qNi4jTC0w==",
      "requires": {
        "spdx-expression-parse": "^3.0.0",
        "spdx-license-ids": "^3.0.0"
      }
    },
    "spdx-exceptions": {
      "version": "2.3.0",
      "resolved": "https://registry.npmjs.org/spdx-exceptions/-/spdx-exceptions-2.3.0.tgz",
      "integrity": "sha512-/tTrYOC7PPI1nUAgx34hUpqXuyJG+DTHJTnIULG4rDygi4xu/tfgmq1e1cIRwRzwZgo4NLySi+ricLkZkw4i5A=="
    },
    "spdx-expression-parse": {
      "version": "3.0.1",
      "resolved": "https://registry.npmjs.org/spdx-expression-parse/-/spdx-expression-parse-3.0.1.tgz",
      "integrity": "sha512-cbqHunsQWnJNE6KhVSMsMeH5H/L9EpymbzqTQ3uLwNCLZ1Q481oWaofqH7nO6V07xlXwY6PhQdQ2IedWx/ZK4Q==",
      "requires": {
        "spdx-exceptions": "^2.1.0",
        "spdx-license-ids": "^3.0.0"
      }
    },
    "spdx-license-ids": {
      "version": "3.0.5",
      "resolved": "https://registry.npmjs.org/spdx-license-ids/-/spdx-license-ids-3.0.5.tgz",
      "integrity": "sha512-J+FWzZoynJEXGphVIS+XEh3kFSjZX/1i9gFBaWQcB+/tmpe2qUsSBABpcxqxnAxFdiUFEgAX1bjYGQvIZmoz9Q=="
    },
    "string-width": {
      "version": "1.0.2",
      "resolved": "https://registry.npmjs.org/string-width/-/string-width-1.0.2.tgz",
      "integrity": "sha1-EYvfW4zcUaKn5w0hHgfisLmxB9M=",
      "requires": {
        "code-point-at": "^1.0.0",
        "is-fullwidth-code-point": "^1.0.0",
        "strip-ansi": "^3.0.0"
      }
    },
    "string_decoder": {
      "version": "1.1.1",
      "resolved": "https://registry.npmjs.org/string_decoder/-/string_decoder-1.1.1.tgz",
      "integrity": "sha512-n/ShnvDi6FHbbVfviro+WojiFzv+s8MPMHBczVePfUpDJLwoLT0ht1l4YwBCbi8pJAveEEdnkHyPyTP/mzRfwg==",
      "requires": {
        "safe-buffer": "~5.1.0"
      }
    },
    "strip-ansi": {
      "version": "3.0.1",
      "resolved": "https://registry.npmjs.org/strip-ansi/-/strip-ansi-3.0.1.tgz",
      "integrity": "sha1-ajhfuIU9lS1f8F0Oiq+UJ43GPc8=",
      "requires": {
        "ansi-regex": "^2.0.0"
      }
    },
    "util-deprecate": {
      "version": "1.0.2",
      "resolved": "https://registry.npmjs.org/util-deprecate/-/util-deprecate-1.0.2.tgz",
      "integrity": "sha1-RQ1Nyfpw3nMnYvvS1KKJgUGaDM8="
    },
    "validate-npm-package-license": {
      "version": "3.0.4",
      "resolved": "https://registry.npmjs.org/validate-npm-package-license/-/validate-npm-package-license-3.0.4.tgz",
      "integrity": "sha512-DpKm2Ui/xN7/HQKCtpZxoRWBhZ9Z0kqtygG8XCgNQ8ZlDnxuQmWhj566j8fN4Cu3/JmbhsDo7fcAJq4s9h27Ew==",
      "requires": {
        "spdx-correct": "^3.0.0",
        "spdx-expression-parse": "^3.0.0"
      }
    },
    "wide-align": {
      "version": "1.1.3",
      "resolved": "https://registry.npmjs.org/wide-align/-/wide-align-1.1.3.tgz",
      "integrity": "sha512-QGkOQc8XL6Bt5PwnsExKBPuMKBxnGxWWW3fU55Xt4feHozMUhdUMaBCk290qpm/wG5u/RSKzwdAC4i51YigihA==",
      "requires": {
        "string-width": "^1.0.2 || 2"
      }
    },
    "word-search-solver": {
      "version": "1.2.1",
      "resolved": "https://registry.npmjs.org/word-search-solver/-/word-search-solver-1.2.1.tgz",
      "integrity": "sha512-LrPTOhdCawNGHtzKxJenMeEi9u5trU9zHB/V5IZhTxS/JFO/WqYijRoKQNzTlW3N6Xzv210cJBPvc/k0WTjU6g=="
    },
    "wordsearch": {
      "version": "0.1.0",
      "resolved": "https://registry.npmjs.org/wordsearch/-/wordsearch-0.1.0.tgz",
      "integrity": "sha512-cB5/9Kahv+E3X/wdYNTBsn8emov/2mNOFIDr3DlmHsrj+ek9fRzg8sEIay3UfX9QM0DY7//GhjfjqZ7B+YjkVg==",
      "requires": {
        "latest": "~0.1.0",
        "posix-getopt": "~1.0.0"
      }
    }
  }
}
